{
  "version": 4,
  "terraform_version": "0.13.5",
  "serial": 490,
  "lineage": "bd624763-eeb9-cb65-e0d1-4bb8b6730dc6",
  "outputs": {},
  "resources": [
    {
      "mode": "managed",
      "type": "azurerm_network_interface",
      "name": "vm-1-2-nic",
      "provider": "provider[\"registry.terraform.io/hashicorp/azurerm\"]",
      "instances": [
        {
          "schema_version": 0,
          "attributes": {
            "applied_dns_servers": [],
            "dns_servers": [],
            "enable_accelerated_networking": false,
            "enable_ip_forwarding": false,
            "id": "/subscriptions/9816cde7-29a7-44b2-8cd5-206a171942a6/resourceGroups/RG-VNet1/providers/Microsoft.Network/networkInterfaces/vm-1-2-nic",
            "internal_dns_name_label": "",
            "ip_configuration": [
              {
                "name": "ipconfig1",
                "primary": true,
                "private_ip_address": "10.0.2.4",
                "private_ip_address_allocation": "Dynamic",
                "private_ip_address_version": "IPv4",
                "public_ip_address_id": "/subscriptions/9816cde7-29a7-44b2-8cd5-206a171942a6/resourceGroups/RG-VNet1/providers/Microsoft.Network/publicIPAddresses/vm-1-2-ip",
                "subnet_id": "/subscriptions/9816cde7-29a7-44b2-8cd5-206a171942a6/resourceGroups/RG-VNet1/providers/Microsoft.Network/virtualNetworks/Vnet-1/subnets/Subnet1-2"
              }
            ],
            "location": "eastus2",
            "mac_address": "",
            "name": "vm-1-2-nic",
            "private_ip_address": "10.0.2.4",
            "private_ip_addresses": [
              "10.0.2.4"
            ],
            "resource_group_name": "RG-VNet1",
            "tags": null,
            "timeouts": null,
            "virtual_machine_id": ""
          },
          "private": "eyJlMmJmYjczMC1lY2FhLTExZTYtOGY4OC0zNDM2M2JjN2M0YzAiOnsiY3JlYXRlIjoxODAwMDAwMDAwMDAwLCJkZWxldGUiOjE4MDAwMDAwMDAwMDAsInJlYWQiOjMwMDAwMDAwMDAwMCwidXBkYXRlIjoxODAwMDAwMDAwMDAwfX0=",
          "dependencies": [
            "azurerm_public_ip.vm-1-2-ip",
            "azurerm_resource_group.rg",
            "azurerm_subnet.subnet12",
            "azurerm_virtual_network.red1"
          ]
        }
      ]
    },
    {
      "mode": "managed",
      "type": "azurerm_network_interface",
      "name": "vm-1-nic",
      "provider": "provider[\"registry.terraform.io/hashicorp/azurerm\"]",
      "instances": [
        {
          "schema_version": 0,
          "attributes": {
            "applied_dns_servers": [],
            "dns_servers": [],
            "enable_accelerated_networking": false,
            "enable_ip_forwarding": false,
            "id": "/subscriptions/9816cde7-29a7-44b2-8cd5-206a171942a6/resourceGroups/RG-VNet1/providers/Microsoft.Network/networkInterfaces/vm-1-nic",
            "internal_dns_name_label": "",
            "ip_configuration": [
              {
                "name": "ipconfig1",
                "primary": true,
                "private_ip_address": "10.0.1.4",
                "private_ip_address_allocation": "Dynamic",
                "private_ip_address_version": "IPv4",
                "public_ip_address_id": "/subscriptions/9816cde7-29a7-44b2-8cd5-206a171942a6/resourceGroups/RG-VNet1/providers/Microsoft.Network/publicIPAddresses/vm-1-ip",
                "subnet_id": "/subscriptions/9816cde7-29a7-44b2-8cd5-206a171942a6/resourceGroups/RG-VNet1/providers/Microsoft.Network/virtualNetworks/Vnet-1/subnets/Subnet1-1"
              }
            ],
            "location": "eastus2",
            "mac_address": "",
            "name": "vm-1-nic",
            "private_ip_address": "10.0.1.4",
            "private_ip_addresses": [
              "10.0.1.4"
            ],
            "resource_group_name": "RG-VNet1",
            "tags": null,
            "timeouts": null,
            "virtual_machine_id": ""
          },
          "private": "eyJlMmJmYjczMC1lY2FhLTExZTYtOGY4OC0zNDM2M2JjN2M0YzAiOnsiY3JlYXRlIjoxODAwMDAwMDAwMDAwLCJkZWxldGUiOjE4MDAwMDAwMDAwMDAsInJlYWQiOjMwMDAwMDAwMDAwMCwidXBkYXRlIjoxODAwMDAwMDAwMDAwfX0=",
          "dependencies": [
            "azurerm_public_ip.vm-1-ip",
            "azurerm_resource_group.rg",
            "azurerm_subnet.subnet1",
            "azurerm_virtual_network.red1"
          ]
        }
      ]
    },
    {
      "mode": "managed",
      "type": "azurerm_network_interface",
      "name": "vm-2-1-nic",
      "provider": "provider[\"registry.terraform.io/hashicorp/azurerm\"]",
      "instances": [
        {
          "schema_version": 0,
          "attributes": {
            "applied_dns_servers": [],
            "dns_servers": [],
            "enable_accelerated_networking": false,
            "enable_ip_forwarding": false,
            "id": "/subscriptions/9816cde7-29a7-44b2-8cd5-206a171942a6/resourceGroups/RG-VNet2/providers/Microsoft.Network/networkInterfaces/vm-2-1-nic",
            "internal_dns_name_label": "",
            "ip_configuration": [
              {
                "name": "ipconfig2",
                "primary": true,
                "private_ip_address": "20.0.1.4",
                "private_ip_address_allocation": "Dynamic",
                "private_ip_address_version": "IPv4",
                "public_ip_address_id": "/subscriptions/9816cde7-29a7-44b2-8cd5-206a171942a6/resourceGroups/RG-VNet2/providers/Microsoft.Network/publicIPAddresses/vm21ip",
                "subnet_id": "/subscriptions/9816cde7-29a7-44b2-8cd5-206a171942a6/resourceGroups/RG-VNet2/providers/Microsoft.Network/virtualNetworks/Vnet-2/subnets/Subnet2-1"
              }
            ],
            "location": "northeurope",
            "mac_address": "",
            "name": "vm-2-1-nic",
            "private_ip_address": "20.0.1.4",
            "private_ip_addresses": [
              "20.0.1.4"
            ],
            "resource_group_name": "RG-VNet2",
            "tags": null,
            "timeouts": null,
            "virtual_machine_id": ""
          },
          "private": "eyJlMmJmYjczMC1lY2FhLTExZTYtOGY4OC0zNDM2M2JjN2M0YzAiOnsiY3JlYXRlIjoxODAwMDAwMDAwMDAwLCJkZWxldGUiOjE4MDAwMDAwMDAwMDAsInJlYWQiOjMwMDAwMDAwMDAwMCwidXBkYXRlIjoxODAwMDAwMDAwMDAwfX0=",
          "dependencies": [
            "azurerm_public_ip.vm-2-1-ip",
            "azurerm_resource_group.rg2",
            "azurerm_subnet.subnet2",
            "azurerm_virtual_network.red2"
          ]
        }
      ]
    },
    {
      "mode": "managed",
      "type": "azurerm_network_security_group",
      "name": "NSG1",
      "provider": "provider[\"registry.terraform.io/hashicorp/azurerm\"]",
      "instances": [
        {
          "schema_version": 0,
          "attributes": {
            "id": "/subscriptions/9816cde7-29a7-44b2-8cd5-206a171942a6/resourceGroups/RG-VNet1/providers/Microsoft.Network/networkSecurityGroups/NSG-t38w10-1",
            "location": "eastus2",
            "name": "NSG-t38w10-1",
            "resource_group_name": "RG-VNet1",
            "security_rule": [],
            "tags": null,
            "timeouts": null
          },
          "private": "eyJlMmJmYjczMC1lY2FhLTExZTYtOGY4OC0zNDM2M2JjN2M0YzAiOnsiY3JlYXRlIjoxODAwMDAwMDAwMDAwLCJkZWxldGUiOjE4MDAwMDAwMDAwMDAsInJlYWQiOjMwMDAwMDAwMDAwMCwidXBkYXRlIjoxODAwMDAwMDAwMDAwfX0=",
          "dependencies": [
            "azurerm_resource_group.rg"
          ]
        }
      ]
    },
    {
      "mode": "managed",
      "type": "azurerm_network_security_group",
      "name": "NSG2",
      "provider": "provider[\"registry.terraform.io/hashicorp/azurerm\"]",
      "instances": [
        {
          "schema_version": 0,
          "attributes": {
            "id": "/subscriptions/9816cde7-29a7-44b2-8cd5-206a171942a6/resourceGroups/RG-VNet2/providers/Microsoft.Network/networkSecurityGroups/NSG-t38w10-2",
            "location": "northeurope",
            "name": "NSG-t38w10-2",
            "resource_group_name": "RG-VNet2",
            "security_rule": [],
            "tags": null,
            "timeouts": null
          },
          "private": "eyJlMmJmYjczMC1lY2FhLTExZTYtOGY4OC0zNDM2M2JjN2M0YzAiOnsiY3JlYXRlIjoxODAwMDAwMDAwMDAwLCJkZWxldGUiOjE4MDAwMDAwMDAwMDAsInJlYWQiOjMwMDAwMDAwMDAwMCwidXBkYXRlIjoxODAwMDAwMDAwMDAwfX0=",
          "dependencies": [
            "azurerm_resource_group.rg2"
          ]
        }
      ]
    },
    {
      "mode": "managed",
      "type": "azurerm_network_security_rule",
      "name": "NSG-2RDP",
      "provider": "provider[\"registry.terraform.io/hashicorp/azurerm\"]",
      "instances": [
        {
          "schema_version": 0,
          "attributes": {
            "access": "Allow",
            "description": "",
            "destination_address_prefix": "*",
            "destination_address_prefixes": null,
            "destination_application_security_group_ids": null,
            "destination_port_range": "3389",
            "destination_port_ranges": null,
            "direction": "Inbound",
            "id": "/subscriptions/9816cde7-29a7-44b2-8cd5-206a171942a6/resourceGroups/RG-VNet2/providers/Microsoft.Network/networkSecurityGroups/NSG-t38w10-2/securityRules/RDP",
            "name": "RDP",
            "network_security_group_name": "NSG-t38w10-2",
            "priority": 100,
            "protocol": "Tcp",
            "resource_group_name": "RG-VNet2",
            "source_address_prefix": "*",
            "source_address_prefixes": null,
            "source_application_security_group_ids": null,
            "source_port_range": "*",
            "source_port_ranges": null,
            "timeouts": null
          },
          "private": "eyJlMmJmYjczMC1lY2FhLTExZTYtOGY4OC0zNDM2M2JjN2M0YzAiOnsiY3JlYXRlIjoxODAwMDAwMDAwMDAwLCJkZWxldGUiOjE4MDAwMDAwMDAwMDAsInJlYWQiOjMwMDAwMDAwMDAwMCwidXBkYXRlIjoxODAwMDAwMDAwMDAwfX0=",
          "dependencies": [
            "azurerm_network_security_group.NSG2",
            "azurerm_resource_group.rg2"
          ]
        }
      ]
    },
    {
      "mode": "managed",
      "type": "azurerm_network_security_rule",
      "name": "NSG-2WEB",
      "provider": "provider[\"registry.terraform.io/hashicorp/azurerm\"]",
      "instances": [
        {
          "schema_version": 0,
          "attributes": {
            "access": "Allow",
            "description": "",
            "destination_address_prefix": "*",
            "destination_address_prefixes": null,
            "destination_application_security_group_ids": null,
            "destination_port_range": "80",
            "destination_port_ranges": null,
            "direction": "Inbound",
            "id": "/subscriptions/9816cde7-29a7-44b2-8cd5-206a171942a6/resourceGroups/RG-VNet2/providers/Microsoft.Network/networkSecurityGroups/NSG-t38w10-2/securityRules/WEB",
            "name": "WEB",
            "network_security_group_name": "NSG-t38w10-2",
            "priority": 101,
            "protocol": "Tcp",
            "resource_group_name": "RG-VNet2",
            "source_address_prefix": "*",
            "source_address_prefixes": null,
            "source_application_security_group_ids": null,
            "source_port_range": "*",
            "source_port_ranges": null,
            "timeouts": null
          },
          "private": "eyJlMmJmYjczMC1lY2FhLTExZTYtOGY4OC0zNDM2M2JjN2M0YzAiOnsiY3JlYXRlIjoxODAwMDAwMDAwMDAwLCJkZWxldGUiOjE4MDAwMDAwMDAwMDAsInJlYWQiOjMwMDAwMDAwMDAwMCwidXBkYXRlIjoxODAwMDAwMDAwMDAwfX0=",
          "dependencies": [
            "azurerm_network_security_group.NSG2",
            "azurerm_resource_group.rg2"
          ]
        }
      ]
    },
    {
      "mode": "managed",
      "type": "azurerm_network_security_rule",
      "name": "NSG-SSH",
      "provider": "provider[\"registry.terraform.io/hashicorp/azurerm\"]",
      "instances": [
        {
          "schema_version": 0,
          "attributes": {
            "access": "Allow",
            "description": "",
            "destination_address_prefix": "*",
            "destination_address_prefixes": null,
            "destination_application_security_group_ids": null,
            "destination_port_range": "22",
            "destination_port_ranges": null,
            "direction": "Inbound",
            "id": "/subscriptions/9816cde7-29a7-44b2-8cd5-206a171942a6/resourceGroups/RG-VNet1/providers/Microsoft.Network/networkSecurityGroups/NSG-t38w10-1/securityRules/SSH",
            "name": "SSH",
            "network_security_group_name": "NSG-t38w10-1",
            "priority": 100,
            "protocol": "Tcp",
            "resource_group_name": "RG-VNet1",
            "source_address_prefix": "*",
            "source_address_prefixes": null,
            "source_application_security_group_ids": null,
            "source_port_range": "*",
            "source_port_ranges": null,
            "timeouts": null
          },
          "private": "eyJlMmJmYjczMC1lY2FhLTExZTYtOGY4OC0zNDM2M2JjN2M0YzAiOnsiY3JlYXRlIjoxODAwMDAwMDAwMDAwLCJkZWxldGUiOjE4MDAwMDAwMDAwMDAsInJlYWQiOjMwMDAwMDAwMDAwMCwidXBkYXRlIjoxODAwMDAwMDAwMDAwfX0=",
          "dependencies": [
            "azurerm_network_security_group.NSG1",
            "azurerm_resource_group.rg"
          ]
        }
      ]
    },
    {
      "mode": "managed",
      "type": "azurerm_network_security_rule",
      "name": "NSG-WEB",
      "provider": "provider[\"registry.terraform.io/hashicorp/azurerm\"]",
      "instances": [
        {
          "schema_version": 0,
          "attributes": {
            "access": "Allow",
            "description": "",
            "destination_address_prefix": "*",
            "destination_address_prefixes": null,
            "destination_application_security_group_ids": null,
            "destination_port_range": "80",
            "destination_port_ranges": null,
            "direction": "Inbound",
            "id": "/subscriptions/9816cde7-29a7-44b2-8cd5-206a171942a6/resourceGroups/RG-VNet1/providers/Microsoft.Network/networkSecurityGroups/NSG-t38w10-1/securityRules/WEB",
            "name": "WEB",
            "network_security_group_name": "NSG-t38w10-1",
            "priority": 101,
            "protocol": "Tcp",
            "resource_group_name": "RG-VNet1",
            "source_address_prefix": "*",
            "source_address_prefixes": null,
            "source_application_security_group_ids": null,
            "source_port_range": "*",
            "source_port_ranges": null,
            "timeouts": null
          },
          "private": "eyJlMmJmYjczMC1lY2FhLTExZTYtOGY4OC0zNDM2M2JjN2M0YzAiOnsiY3JlYXRlIjoxODAwMDAwMDAwMDAwLCJkZWxldGUiOjE4MDAwMDAwMDAwMDAsInJlYWQiOjMwMDAwMDAwMDAwMCwidXBkYXRlIjoxODAwMDAwMDAwMDAwfX0=",
          "dependencies": [
            "azurerm_network_security_group.NSG1",
            "azurerm_resource_group.rg"
          ]
        }
      ]
    },
    {
      "mode": "managed",
      "type": "azurerm_public_ip",
      "name": "vm-1-2-ip",
      "provider": "provider[\"registry.terraform.io/hashicorp/azurerm\"]",
      "instances": [
        {
          "schema_version": 0,
          "attributes": {
            "allocation_method": "Dynamic",
            "domain_name_label": null,
            "fqdn": null,
            "id": "/subscriptions/9816cde7-29a7-44b2-8cd5-206a171942a6/resourceGroups/RG-VNet1/providers/Microsoft.Network/publicIPAddresses/vm-1-2-ip",
            "idle_timeout_in_minutes": 4,
            "ip_address": "",
            "ip_version": "IPv4",
            "location": "eastus2",
            "name": "vm-1-2-ip",
            "public_ip_prefix_id": null,
            "resource_group_name": "RG-VNet1",
            "reverse_fqdn": null,
            "sku": "Basic",
            "tags": null,
            "timeouts": null,
            "zones": null
          },
          "private": "eyJlMmJmYjczMC1lY2FhLTExZTYtOGY4OC0zNDM2M2JjN2M0YzAiOnsiY3JlYXRlIjoxODAwMDAwMDAwMDAwLCJkZWxldGUiOjE4MDAwMDAwMDAwMDAsInJlYWQiOjMwMDAwMDAwMDAwMCwidXBkYXRlIjoxODAwMDAwMDAwMDAwfX0=",
          "dependencies": [
            "azurerm_resource_group.rg"
          ]
        }
      ]
    },
    {
      "mode": "managed",
      "type": "azurerm_public_ip",
      "name": "vm-1-ip",
      "provider": "provider[\"registry.terraform.io/hashicorp/azurerm\"]",
      "instances": [
        {
          "schema_version": 0,
          "attributes": {
            "allocation_method": "Dynamic",
            "domain_name_label": null,
            "fqdn": null,
            "id": "/subscriptions/9816cde7-29a7-44b2-8cd5-206a171942a6/resourceGroups/RG-VNet1/providers/Microsoft.Network/publicIPAddresses/vm-1-ip",
            "idle_timeout_in_minutes": 4,
            "ip_address": "",
            "ip_version": "IPv4",
            "location": "eastus2",
            "name": "vm-1-ip",
            "public_ip_prefix_id": null,
            "resource_group_name": "RG-VNet1",
            "reverse_fqdn": null,
            "sku": "Basic",
            "tags": null,
            "timeouts": null,
            "zones": null
          },
          "private": "eyJlMmJmYjczMC1lY2FhLTExZTYtOGY4OC0zNDM2M2JjN2M0YzAiOnsiY3JlYXRlIjoxODAwMDAwMDAwMDAwLCJkZWxldGUiOjE4MDAwMDAwMDAwMDAsInJlYWQiOjMwMDAwMDAwMDAwMCwidXBkYXRlIjoxODAwMDAwMDAwMDAwfX0=",
          "dependencies": [
            "azurerm_resource_group.rg"
          ]
        }
      ]
    },
    {
      "mode": "managed",
      "type": "azurerm_public_ip",
      "name": "vm-2-1-ip",
      "provider": "provider[\"registry.terraform.io/hashicorp/azurerm\"]",
      "instances": [
        {
          "schema_version": 0,
          "attributes": {
            "allocation_method": "Dynamic",
            "domain_name_label": null,
            "fqdn": null,
            "id": "/subscriptions/9816cde7-29a7-44b2-8cd5-206a171942a6/resourceGroups/RG-VNet2/providers/Microsoft.Network/publicIPAddresses/vm21ip",
            "idle_timeout_in_minutes": 4,
            "ip_address": "",
            "ip_version": "IPv4",
            "location": "northeurope",
            "name": "vm21ip",
            "public_ip_prefix_id": null,
            "resource_group_name": "RG-VNet2",
            "reverse_fqdn": null,
            "sku": "Basic",
            "tags": null,
            "timeouts": null,
            "zones": null
          },
          "private": "eyJlMmJmYjczMC1lY2FhLTExZTYtOGY4OC0zNDM2M2JjN2M0YzAiOnsiY3JlYXRlIjoxODAwMDAwMDAwMDAwLCJkZWxldGUiOjE4MDAwMDAwMDAwMDAsInJlYWQiOjMwMDAwMDAwMDAwMCwidXBkYXRlIjoxODAwMDAwMDAwMDAwfX0=",
          "dependencies": [
            "azurerm_resource_group.rg2"
          ]
        }
      ]
    },
    {
      "mode": "managed",
      "type": "azurerm_resource_group",
      "name": "rg",
      "provider": "provider[\"registry.terraform.io/hashicorp/azurerm\"]",
      "instances": [
        {
          "schema_version": 0,
          "attributes": {
            "id": "/subscriptions/9816cde7-29a7-44b2-8cd5-206a171942a6/resourceGroups/RG-VNet1",
            "location": "eastus2",
            "name": "RG-VNet1",
            "tags": null,
            "timeouts": null
          },
          "private": "eyJlMmJmYjczMC1lY2FhLTExZTYtOGY4OC0zNDM2M2JjN2M0YzAiOnsiY3JlYXRlIjo1NDAwMDAwMDAwMDAwLCJkZWxldGUiOjU0MDAwMDAwMDAwMDAsInJlYWQiOjMwMDAwMDAwMDAwMCwidXBkYXRlIjo1NDAwMDAwMDAwMDAwfX0="
        }
      ]
    },
    {
      "mode": "managed",
      "type": "azurerm_resource_group",
      "name": "rg2",
      "provider": "provider[\"registry.terraform.io/hashicorp/azurerm\"]",
      "instances": [
        {
          "schema_version": 0,
          "attributes": {
            "id": "/subscriptions/9816cde7-29a7-44b2-8cd5-206a171942a6/resourceGroups/RG-VNet2",
            "location": "northeurope",
            "name": "RG-VNet2",
            "tags": null,
            "timeouts": null
          },
          "private": "eyJlMmJmYjczMC1lY2FhLTExZTYtOGY4OC0zNDM2M2JjN2M0YzAiOnsiY3JlYXRlIjo1NDAwMDAwMDAwMDAwLCJkZWxldGUiOjU0MDAwMDAwMDAwMDAsInJlYWQiOjMwMDAwMDAwMDAwMCwidXBkYXRlIjo1NDAwMDAwMDAwMDAwfX0="
        }
      ]
    },
    {
      "mode": "managed",
      "type": "azurerm_subnet",
      "name": "subnet1",
      "provider": "provider[\"registry.terraform.io/hashicorp/azurerm\"]",
      "instances": [
        {
          "schema_version": 0,
          "attributes": {
            "address_prefix": "10.0.1.0/24",
            "delegation": [],
            "enforce_private_link_endpoint_network_policies": false,
            "enforce_private_link_service_network_policies": false,
            "id": "/subscriptions/9816cde7-29a7-44b2-8cd5-206a171942a6/resourceGroups/RG-VNet1/providers/Microsoft.Network/virtualNetworks/Vnet-1/subnets/Subnet1-1",
            "name": "Subnet1-1",
            "resource_group_name": "RG-VNet1",
            "service_endpoints": null,
            "timeouts": null,
            "virtual_network_name": "Vnet-1"
          },
          "private": "eyJlMmJmYjczMC1lY2FhLTExZTYtOGY4OC0zNDM2M2JjN2M0YzAiOnsiY3JlYXRlIjoxODAwMDAwMDAwMDAwLCJkZWxldGUiOjE4MDAwMDAwMDAwMDAsInJlYWQiOjMwMDAwMDAwMDAwMCwidXBkYXRlIjoxODAwMDAwMDAwMDAwfX0=",
          "dependencies": [
            "azurerm_resource_group.rg",
            "azurerm_virtual_network.red1"
          ]
        }
      ]
    },
    {
      "mode": "managed",
      "type": "azurerm_subnet",
      "name": "subnet12",
      "provider": "provider[\"registry.terraform.io/hashicorp/azurerm\"]",
      "instances": [
        {
          "schema_version": 0,
          "attributes": {
            "address_prefix": "10.0.2.0/24",
            "delegation": [],
            "enforce_private_link_endpoint_network_policies": false,
            "enforce_private_link_service_network_policies": false,
            "id": "/subscriptions/9816cde7-29a7-44b2-8cd5-206a171942a6/resourceGroups/RG-VNet1/providers/Microsoft.Network/virtualNetworks/Vnet-1/subnets/Subnet1-2",
            "name": "Subnet1-2",
            "resource_group_name": "RG-VNet1",
            "service_endpoints": null,
            "timeouts": null,
            "virtual_network_name": "Vnet-1"
          },
          "private": "eyJlMmJmYjczMC1lY2FhLTExZTYtOGY4OC0zNDM2M2JjN2M0YzAiOnsiY3JlYXRlIjoxODAwMDAwMDAwMDAwLCJkZWxldGUiOjE4MDAwMDAwMDAwMDAsInJlYWQiOjMwMDAwMDAwMDAwMCwidXBkYXRlIjoxODAwMDAwMDAwMDAwfX0=",
          "dependencies": [
            "azurerm_resource_group.rg",
            "azurerm_virtual_network.red1"
          ]
        }
      ]
    },
    {
      "mode": "managed",
      "type": "azurerm_subnet",
      "name": "subnet2",
      "provider": "provider[\"registry.terraform.io/hashicorp/azurerm\"]",
      "instances": [
        {
          "schema_version": 0,
          "attributes": {
            "address_prefix": "20.0.1.0/24",
            "delegation": [],
            "enforce_private_link_endpoint_network_policies": false,
            "enforce_private_link_service_network_policies": false,
            "id": "/subscriptions/9816cde7-29a7-44b2-8cd5-206a171942a6/resourceGroups/RG-VNet2/providers/Microsoft.Network/virtualNetworks/Vnet-2/subnets/Subnet2-1",
            "name": "Subnet2-1",
            "resource_group_name": "RG-VNet2",
            "service_endpoints": null,
            "timeouts": null,
            "virtual_network_name": "Vnet-2"
          },
          "private": "eyJlMmJmYjczMC1lY2FhLTExZTYtOGY4OC0zNDM2M2JjN2M0YzAiOnsiY3JlYXRlIjoxODAwMDAwMDAwMDAwLCJkZWxldGUiOjE4MDAwMDAwMDAwMDAsInJlYWQiOjMwMDAwMDAwMDAwMCwidXBkYXRlIjoxODAwMDAwMDAwMDAwfX0=",
          "dependencies": [
            "azurerm_resource_group.rg2",
            "azurerm_virtual_network.red2"
          ]
        }
      ]
    },
    {
      "mode": "managed",
      "type": "azurerm_virtual_machine",
      "name": "VM-1",
      "provider": "provider[\"registry.terraform.io/hashicorp/azurerm\"]",
      "instances": [
        {
          "schema_version": 0,
          "attributes": {
            "additional_capabilities": [],
            "availability_set_id": null,
            "boot_diagnostics": [
              {
                "enabled": false,
                "storage_uri": ""
              }
            ],
            "delete_data_disks_on_termination": false,
            "delete_os_disk_on_termination": false,
            "id": "/subscriptions/9816cde7-29a7-44b2-8cd5-206a171942a6/resourceGroups/RG-VNet1/providers/Microsoft.Compute/virtualMachines/VM-1",
            "identity": [],
            "license_type": null,
            "location": "eastus2",
            "name": "VM-1",
            "network_interface_ids": [
              "/subscriptions/9816cde7-29a7-44b2-8cd5-206a171942a6/resourceGroups/RG-VNet1/providers/Microsoft.Network/networkInterfaces/vm-1-nic"
            ],
            "os_profile": [
              {
                "admin_password": "",
                "admin_username": "usuario",
                "computer_name": "VM-1",
                "custom_data": ""
              }
            ],
            "os_profile_linux_config": [
              {
                "disable_password_authentication": false,
                "ssh_keys": []
              }
            ],
            "os_profile_secrets": [],
            "os_profile_windows_config": [],
            "plan": [],
            "primary_network_interface_id": null,
            "proximity_placement_group_id": null,
            "resource_group_name": "RG-VNet1",
            "storage_data_disk": [],
            "storage_image_reference": [
              {
                "id": "",
                "offer": "UbuntuServer",
                "publisher": "Canonical",
                "sku": "16.04-LTS",
                "version": "latest"
              }
            ],
            "storage_os_disk": [
              {
                "caching": "ReadWrite",
                "create_option": "FromImage",
                "disk_size_gb": 30,
                "image_uri": "",
                "managed_disk_id": "/subscriptions/9816cde7-29a7-44b2-8cd5-206a171942a6/resourceGroups/RG-VNet1/providers/Microsoft.Compute/disks/VM-1-OS",
                "managed_disk_type": "Standard_LRS",
                "name": "VM-1-OS",
                "os_type": "Linux",
                "vhd_uri": "",
                "write_accelerator_enabled": false
              }
            ],
            "tags": null,
            "timeouts": null,
            "vm_size": "Standard_B1s",
            "zones": null
          },
          "private": "eyJlMmJmYjczMC1lY2FhLTExZTYtOGY4OC0zNDM2M2JjN2M0YzAiOnsiY3JlYXRlIjozNjAwMDAwMDAwMDAwLCJkZWxldGUiOjM2MDAwMDAwMDAwMDAsInJlYWQiOjMwMDAwMDAwMDAwMCwidXBkYXRlIjozNjAwMDAwMDAwMDAwfX0=",
          "dependencies": [
            "azurerm_network_interface.vm-1-nic",
            "azurerm_public_ip.vm-1-ip",
            "azurerm_resource_group.rg",
            "azurerm_subnet.subnet1",
            "azurerm_virtual_network.red1"
          ]
        }
      ]
    },
    {
      "mode": "managed",
      "type": "azurerm_virtual_machine",
      "name": "VM-1-2",
      "provider": "provider[\"registry.terraform.io/hashicorp/azurerm\"]",
      "instances": [
        {
          "schema_version": 0,
          "attributes": {
            "additional_capabilities": [],
            "availability_set_id": null,
            "boot_diagnostics": [
              {
                "enabled": false,
                "storage_uri": ""
              }
            ],
            "delete_data_disks_on_termination": false,
            "delete_os_disk_on_termination": false,
            "id": "/subscriptions/9816cde7-29a7-44b2-8cd5-206a171942a6/resourceGroups/RG-VNet1/providers/Microsoft.Compute/virtualMachines/VM-1-2",
            "identity": [],
            "license_type": null,
            "location": "eastus2",
            "name": "VM-1-2",
            "network_interface_ids": [
              "/subscriptions/9816cde7-29a7-44b2-8cd5-206a171942a6/resourceGroups/RG-VNet1/providers/Microsoft.Network/networkInterfaces/vm-1-2-nic"
            ],
            "os_profile": [
              {
                "admin_password": "",
                "admin_username": "usuario",
                "computer_name": "VM-1-2",
                "custom_data": ""
              }
            ],
            "os_profile_linux_config": [
              {
                "disable_password_authentication": false,
                "ssh_keys": []
              }
            ],
            "os_profile_secrets": [],
            "os_profile_windows_config": [],
            "plan": [],
            "primary_network_interface_id": null,
            "proximity_placement_group_id": null,
            "resource_group_name": "RG-VNet1",
            "storage_data_disk": [],
            "storage_image_reference": [
              {
                "id": "",
                "offer": "UbuntuServer",
                "publisher": "Canonical",
                "sku": "16.04-LTS",
                "version": "latest"
              }
            ],
            "storage_os_disk": [
              {
                "caching": "ReadWrite",
                "create_option": "FromImage",
                "disk_size_gb": 30,
                "image_uri": "",
                "managed_disk_id": "/subscriptions/9816cde7-29a7-44b2-8cd5-206a171942a6/resourceGroups/RG-VNet1/providers/Microsoft.Compute/disks/VM-1-2-OS",
                "managed_disk_type": "Standard_LRS",
                "name": "VM-1-2-OS",
                "os_type": "Linux",
                "vhd_uri": "",
                "write_accelerator_enabled": false
              }
            ],
            "tags": null,
            "timeouts": null,
            "vm_size": "Standard_B1s",
            "zones": null
          },
          "private": "eyJlMmJmYjczMC1lY2FhLTExZTYtOGY4OC0zNDM2M2JjN2M0YzAiOnsiY3JlYXRlIjozNjAwMDAwMDAwMDAwLCJkZWxldGUiOjM2MDAwMDAwMDAwMDAsInJlYWQiOjMwMDAwMDAwMDAwMCwidXBkYXRlIjozNjAwMDAwMDAwMDAwfX0=",
          "dependencies": [
            "azurerm_network_interface.vm-1-2-nic",
            "azurerm_public_ip.vm-1-2-ip",
            "azurerm_resource_group.rg",
            "azurerm_subnet.subnet12",
            "azurerm_virtual_network.red1"
          ]
        }
      ]
    },
    {
      "mode": "managed",
      "type": "azurerm_virtual_machine",
      "name": "VM-2-1",
      "provider": "provider[\"registry.terraform.io/hashicorp/azurerm\"]",
      "instances": [
        {
          "schema_version": 0,
          "attributes": {
            "additional_capabilities": [],
            "availability_set_id": null,
            "boot_diagnostics": [
              {
                "enabled": false,
                "storage_uri": ""
              }
            ],
            "delete_data_disks_on_termination": false,
            "delete_os_disk_on_termination": false,
            "id": "/subscriptions/9816cde7-29a7-44b2-8cd5-206a171942a6/resourceGroups/RG-VNet2/providers/Microsoft.Compute/virtualMachines/VM-2-1",
            "identity": [],
            "license_type": null,
            "location": "northeurope",
            "name": "VM-2-1",
            "network_interface_ids": [
              "/subscriptions/9816cde7-29a7-44b2-8cd5-206a171942a6/resourceGroups/RG-VNet2/providers/Microsoft.Network/networkInterfaces/vm-2-1-nic"
            ],
            "os_profile": [
              {
                "admin_password": "",
                "admin_username": "usuario",
                "computer_name": "VM-2-1",
                "custom_data": ""
              }
            ],
            "os_profile_linux_config": [],
            "os_profile_secrets": [],
            "os_profile_windows_config": [
              {
                "additional_unattend_config": [],
                "enable_automatic_upgrades": true,
                "provision_vm_agent": true,
                "timezone": "",
                "winrm": []
              }
            ],
            "plan": [],
            "primary_network_interface_id": null,
            "proximity_placement_group_id": null,
            "resource_group_name": "RG-VNet2",
            "storage_data_disk": [],
            "storage_image_reference": [
              {
                "id": "",
                "offer": "WindowsServer",
                "publisher": "MicrosoftWindowsServer",
                "sku": "2016-Datacenter",
                "version": "latest"
              }
            ],
            "storage_os_disk": [
              {
                "caching": "ReadWrite",
                "create_option": "FromImage",
                "disk_size_gb": 127,
                "image_uri": "",
                "managed_disk_id": "/subscriptions/9816cde7-29a7-44b2-8cd5-206a171942a6/resourceGroups/RG-VNet2/providers/Microsoft.Compute/disks/VM-2-1-OS",
                "managed_disk_type": "Standard_LRS",
                "name": "VM-2-1-OS",
                "os_type": "Windows",
                "vhd_uri": "",
                "write_accelerator_enabled": false
              }
            ],
            "tags": null,
            "timeouts": null,
            "vm_size": "Standard_B2s",
            "zones": null
          },
          "private": "eyJlMmJmYjczMC1lY2FhLTExZTYtOGY4OC0zNDM2M2JjN2M0YzAiOnsiY3JlYXRlIjozNjAwMDAwMDAwMDAwLCJkZWxldGUiOjM2MDAwMDAwMDAwMDAsInJlYWQiOjMwMDAwMDAwMDAwMCwidXBkYXRlIjozNjAwMDAwMDAwMDAwfX0=",
          "dependencies": [
            "azurerm_network_interface.vm-2-1-nic",
            "azurerm_public_ip.vm-2-1-ip",
            "azurerm_resource_group.rg2",
            "azurerm_subnet.subnet2",
            "azurerm_virtual_network.red2"
          ]
        }
      ]
    },
    {
      "mode": "managed",
      "type": "azurerm_virtual_machine_extension",
      "name": "installNginx",
      "provider": "provider[\"registry.terraform.io/hashicorp/azurerm\"]",
      "instances": [
        {
          "schema_version": 0,
          "attributes": {
            "auto_upgrade_minor_version": false,
            "id": "/subscriptions/9816cde7-29a7-44b2-8cd5-206a171942a6/resourceGroups/RG-VNet1/providers/Microsoft.Compute/virtualMachines/VM-1/extensions/installweb",
            "name": "installweb",
            "protected_settings": null,
            "publisher": "Microsoft.Azure.Extensions",
            "settings": "{\"script\":\"CgojIS9iaW4vYmFzaApzdWRvIGFwdCB1cGRhdGUKc3VkbyBhcHQtZ2V0IC15IGluc3RhbGwgbmdpbngKZWNobyAiPEgxPlBhZ2luYSBjcmVhZGEgbWVkaWFudGUgc2NyaXB0PC9IMT4iID4gL3Zhci93d3cvaHRtbC9pbmRleC5odG1s\"}",
            "tags": null,
            "timeouts": null,
            "type": "CustomScript",
            "type_handler_version": "2.0",
            "virtual_machine_id": "/subscriptions/9816cde7-29a7-44b2-8cd5-206a171942a6/resourceGroups/RG-VNet1/providers/Microsoft.Compute/virtualMachines/VM-1"
          },
          "private": "eyJlMmJmYjczMC1lY2FhLTExZTYtOGY4OC0zNDM2M2JjN2M0YzAiOnsiY3JlYXRlIjoxODAwMDAwMDAwMDAwLCJkZWxldGUiOjE4MDAwMDAwMDAwMDAsInJlYWQiOjMwMDAwMDAwMDAwMCwidXBkYXRlIjoxODAwMDAwMDAwMDAwfX0=",
          "dependencies": [
            "azurerm_network_interface.vm-1-nic",
            "azurerm_public_ip.vm-1-ip",
            "azurerm_resource_group.rg",
            "azurerm_subnet.subnet1",
            "azurerm_virtual_machine.VM-1",
            "azurerm_virtual_network.red1"
          ]
        }
      ]
    },
    {
      "mode": "managed",
      "type": "azurerm_virtual_machine_extension",
      "name": "installweb_vm11",
      "provider": "provider[\"registry.terraform.io/hashicorp/azurerm\"]",
      "instances": [
        {
          "schema_version": 0,
          "attributes": {
            "auto_upgrade_minor_version": false,
            "id": "/subscriptions/9816cde7-29a7-44b2-8cd5-206a171942a6/resourceGroups/RG-VNet1/providers/Microsoft.Compute/virtualMachines/VM-1-2/extensions/installweb",
            "name": "installweb",
            "protected_settings": null,
            "publisher": "Microsoft.Azure.Extensions",
            "settings": "{\"script\":\"IyEvYmluL2Jhc2gNCnN1ZG8gYXB0IHVwZGF0ZQ0Kc3VkbyBhcHQtZ2V0IC15IGluc3RhbGwgYXBhY2hlMg0KZWNobyAiPEgxPlBhZ2luYSBjcmVhZGEgbWVkaWFudGUgc2NyaXB0PC9IMT4iID4gL3Zhci93d3cvaHRtbC9pbmRleC5odG1sDQo=\"}",
            "tags": null,
            "timeouts": null,
            "type": "CustomScript",
            "type_handler_version": "2.0",
            "virtual_machine_id": "/subscriptions/9816cde7-29a7-44b2-8cd5-206a171942a6/resourceGroups/RG-VNet1/providers/Microsoft.Compute/virtualMachines/VM-1-2"
          },
          "private": "eyJlMmJmYjczMC1lY2FhLTExZTYtOGY4OC0zNDM2M2JjN2M0YzAiOnsiY3JlYXRlIjoxODAwMDAwMDAwMDAwLCJkZWxldGUiOjE4MDAwMDAwMDAwMDAsInJlYWQiOjMwMDAwMDAwMDAwMCwidXBkYXRlIjoxODAwMDAwMDAwMDAwfX0=",
          "dependencies": [
            "azurerm_network_interface.vm-1-2-nic",
            "azurerm_public_ip.vm-1-2-ip",
            "azurerm_resource_group.rg",
            "azurerm_subnet.subnet12",
            "azurerm_virtual_machine.VM-1-2",
            "azurerm_virtual_network.red1"
          ]
        }
      ]
    },
    {
      "mode": "managed",
      "type": "azurerm_virtual_machine_extension",
      "name": "installweb_vm2",
      "provider": "provider[\"registry.terraform.io/hashicorp/azurerm\"]",
      "instances": [
        {
          "schema_version": 0,
          "attributes": {
            "auto_upgrade_minor_version": false,
            "id": "/subscriptions/9816cde7-29a7-44b2-8cd5-206a171942a6/resourceGroups/RG-VNet2/providers/Microsoft.Compute/virtualMachines/VM-2-1/extensions/installweb",
            "name": "installweb",
            "protected_settings": null,
            "publisher": "Microsoft.Compute",
            "settings": "{\"commandToExecute\":\"powershell Install-WindowsFeature -name Web-Server -IncludeManagementTools; Set-NetFirewallProfile -Profile Domain,Public,Private -Enabled false\"}",
            "tags": null,
            "timeouts": null,
            "type": "CustomScriptExtension",
            "type_handler_version": "1.9",
            "virtual_machine_id": "/subscriptions/9816cde7-29a7-44b2-8cd5-206a171942a6/resourceGroups/RG-VNet2/providers/Microsoft.Compute/virtualMachines/VM-2-1"
          },
          "private": "eyJlMmJmYjczMC1lY2FhLTExZTYtOGY4OC0zNDM2M2JjN2M0YzAiOnsiY3JlYXRlIjoxODAwMDAwMDAwMDAwLCJkZWxldGUiOjE4MDAwMDAwMDAwMDAsInJlYWQiOjMwMDAwMDAwMDAwMCwidXBkYXRlIjoxODAwMDAwMDAwMDAwfX0=",
          "dependencies": [
            "azurerm_network_interface.vm-2-1-nic",
            "azurerm_public_ip.vm-2-1-ip",
            "azurerm_resource_group.rg2",
            "azurerm_subnet.subnet2",
            "azurerm_virtual_machine.VM-2-1",
            "azurerm_virtual_network.red2"
          ]
        }
      ]
    },
    {
      "mode": "managed",
      "type": "azurerm_virtual_network",
      "name": "red1",
      "provider": "provider[\"registry.terraform.io/hashicorp/azurerm\"]",
      "instances": [
        {
          "schema_version": 0,
          "attributes": {
            "address_space": [
              "10.0.0.0/16"
            ],
            "ddos_protection_plan": [],
            "dns_servers": null,
            "id": "/subscriptions/9816cde7-29a7-44b2-8cd5-206a171942a6/resourceGroups/RG-VNet1/providers/Microsoft.Network/virtualNetworks/Vnet-1",
            "location": "eastus2",
            "name": "Vnet-1",
            "resource_group_name": "RG-VNet1",
            "subnet": [],
            "tags": null,
            "timeouts": null
          },
          "private": "eyJlMmJmYjczMC1lY2FhLTExZTYtOGY4OC0zNDM2M2JjN2M0YzAiOnsiY3JlYXRlIjoxODAwMDAwMDAwMDAwLCJkZWxldGUiOjE4MDAwMDAwMDAwMDAsInJlYWQiOjMwMDAwMDAwMDAwMCwidXBkYXRlIjoxODAwMDAwMDAwMDAwfX0=",
          "dependencies": [
            "azurerm_resource_group.rg"
          ]
        }
      ]
    },
    {
      "mode": "managed",
      "type": "azurerm_virtual_network",
      "name": "red2",
      "provider": "provider[\"registry.terraform.io/hashicorp/azurerm\"]",
      "instances": [
        {
          "schema_version": 0,
          "attributes": {
            "address_space": [
              "20.0.0.0/16"
            ],
            "ddos_protection_plan": [],
            "dns_servers": null,
            "id": "/subscriptions/9816cde7-29a7-44b2-8cd5-206a171942a6/resourceGroups/RG-VNet2/providers/Microsoft.Network/virtualNetworks/Vnet-2",
            "location": "northeurope",
            "name": "Vnet-2",
            "resource_group_name": "RG-VNet2",
            "subnet": [],
            "tags": null,
            "timeouts": null
          },
          "private": "eyJlMmJmYjczMC1lY2FhLTExZTYtOGY4OC0zNDM2M2JjN2M0YzAiOnsiY3JlYXRlIjoxODAwMDAwMDAwMDAwLCJkZWxldGUiOjE4MDAwMDAwMDAwMDAsInJlYWQiOjMwMDAwMDAwMDAwMCwidXBkYXRlIjoxODAwMDAwMDAwMDAwfX0=",
          "dependencies": [
            "azurerm_resource_group.rg2"
          ]
        }
      ]
    },
    {
      "mode": "managed",
      "type": "azurerm_virtual_network_peering",
      "name": "red1",
      "provider": "provider[\"registry.terraform.io/hashicorp/azurerm\"]",
      "instances": [
        {
          "schema_version": 0,
          "attributes": {
            "allow_forwarded_traffic": false,
            "allow_gateway_transit": false,
            "allow_virtual_network_access": true,
            "id": "/subscriptions/9816cde7-29a7-44b2-8cd5-206a171942a6/resourceGroups/RG-VNet1/providers/Microsoft.Network/virtualNetworks/Vnet-1/virtualNetworkPeerings/vnet1_a_vnet2",
            "name": "vnet1_a_vnet2",
            "remote_virtual_network_id": "/subscriptions/9816cde7-29a7-44b2-8cd5-206a171942a6/resourceGroups/RG-VNet2/providers/Microsoft.Network/virtualNetworks/Vnet-2",
            "resource_group_name": "RG-VNet1",
            "timeouts": null,
            "use_remote_gateways": false,
            "virtual_network_name": "Vnet-1"
          },
          "private": "eyJlMmJmYjczMC1lY2FhLTExZTYtOGY4OC0zNDM2M2JjN2M0YzAiOnsiY3JlYXRlIjoxODAwMDAwMDAwMDAwLCJkZWxldGUiOjE4MDAwMDAwMDAwMDAsInJlYWQiOjMwMDAwMDAwMDAwMCwidXBkYXRlIjoxODAwMDAwMDAwMDAwfX0=",
          "dependencies": [
            "azurerm_resource_group.rg",
            "azurerm_resource_group.rg2",
            "azurerm_virtual_network.red1",
            "azurerm_virtual_network.red2"
          ]
        }
      ]
    },
    {
      "mode": "managed",
      "type": "azurerm_virtual_network_peering",
      "name": "red2",
      "provider": "provider[\"registry.terraform.io/hashicorp/azurerm\"]",
      "instances": [
        {
          "schema_version": 0,
          "attributes": {
            "allow_forwarded_traffic": false,
            "allow_gateway_transit": false,
            "allow_virtual_network_access": true,
            "id": "/subscriptions/9816cde7-29a7-44b2-8cd5-206a171942a6/resourceGroups/RG-VNet2/providers/Microsoft.Network/virtualNetworks/Vnet-2/virtualNetworkPeerings/vnet2_a_vnet1",
            "name": "vnet2_a_vnet1",
            "remote_virtual_network_id": "/subscriptions/9816cde7-29a7-44b2-8cd5-206a171942a6/resourceGroups/RG-VNet1/providers/Microsoft.Network/virtualNetworks/Vnet-1",
            "resource_group_name": "RG-VNet2",
            "timeouts": null,
            "use_remote_gateways": false,
            "virtual_network_name": "Vnet-2"
          },
          "private": "eyJlMmJmYjczMC1lY2FhLTExZTYtOGY4OC0zNDM2M2JjN2M0YzAiOnsiY3JlYXRlIjoxODAwMDAwMDAwMDAwLCJkZWxldGUiOjE4MDAwMDAwMDAwMDAsInJlYWQiOjMwMDAwMDAwMDAwMCwidXBkYXRlIjoxODAwMDAwMDAwMDAwfX0=",
          "dependencies": [
            "azurerm_resource_group.rg",
            "azurerm_resource_group.rg2",
            "azurerm_virtual_network.red1",
            "azurerm_virtual_network.red2"
          ]
        }
      ]
    }
  ]
}
