{
  "version": 4,
  "terraform_version": "0.13.5",
  "serial": 14,
  "lineage": "9c19733e-8b10-827f-4a9c-e30de9026ecd",
  "outputs": {
    "network_interface_ids": {
      "value": [
        "/subscriptions/9816cde7-29a7-44b2-8cd5-206a171942a6/resourceGroups/zeushighcharity-rg/providers/Microsoft.Network/networkInterfaces/zeushighcharity-bstn-nic",
        "/subscriptions/9816cde7-29a7-44b2-8cd5-206a171942a6/resourceGroups/zeushighcharity-rg/providers/Microsoft.Network/networkInterfaces/zeushighcharity-wrkr-nic"
      ],
      "type": [
        "tuple",
        [
          "string",
          "string"
        ]
      ]
    },
    "network_security_group_ids": {
      "value": [
        "/subscriptions/9816cde7-29a7-44b2-8cd5-206a171942a6/resourceGroups/zeushighcharity-rg/providers/Microsoft.Network/networkSecurityGroups/zeushighcharity-pblc-nsg",
        "/subscriptions/9816cde7-29a7-44b2-8cd5-206a171942a6/resourceGroups/zeushighcharity-rg/providers/Microsoft.Network/networkSecurityGroups/zeushighcharity-prvt-nsg"
      ],
      "type": [
        "tuple",
        [
          "string",
          "string"
        ]
      ]
    },
    "network_subnet_ids": {
      "value": [
        "/subscriptions/9816cde7-29a7-44b2-8cd5-206a171942a6/resourceGroups/zeushighcharity-rg/providers/Microsoft.Network/virtualNetworks/zeushighcharity-vnet/subnets/zeushighcharity-pblc-sn001",
        "/subscriptions/9816cde7-29a7-44b2-8cd5-206a171942a6/resourceGroups/zeushighcharity-rg/providers/Microsoft.Network/virtualNetworks/zeushighcharity-vnet/subnets/zeushighcharity-prvt-sn001"
      ],
      "type": [
        "tuple",
        [
          "string",
          "string"
        ]
      ]
    },
    "network_subnet_prefixes": {
      "value": [
        "10.0.1.0/24",
        "10.0.2.0/24"
      ],
      "type": [
        "tuple",
        [
          "string",
          "string"
        ]
      ]
    },
    "private_ip_addresses": {
      "value": [
        "10.0.1.4",
        "10.0.2.4"
      ],
      "type": [
        "tuple",
        [
          "string",
          "string"
        ]
      ]
    },
    "public_ip_addresses": {
      "value": [
        ""
      ],
      "type": [
        "tuple",
        [
          "string"
        ]
      ]
    },
    "public_ip_dns_names": {
      "value": [
        null
      ],
      "type": [
        "tuple",
        [
          "string"
        ]
      ]
    },
    "public_ip_ids": {
      "value": [
        "/subscriptions/9816cde7-29a7-44b2-8cd5-206a171942a6/resourceGroups/zeushighcharity-rg/providers/Microsoft.Network/publicIPAddresses/zeushighcharity-ip"
      ],
      "type": [
        "tuple",
        [
          "string"
        ]
      ]
    }
  },
  "resources": [
    {
      "mode": "managed",
      "type": "azurerm_network_interface",
      "name": "bastion_nic",
      "provider": "provider[\"registry.terraform.io/hashicorp/azurerm\"]",
      "instances": [
        {
          "schema_version": 0,
          "attributes": {
            "applied_dns_servers": [],
            "dns_servers": [],
            "enable_accelerated_networking": false,
            "enable_ip_forwarding": false,
            "id": "/subscriptions/9816cde7-29a7-44b2-8cd5-206a171942a6/resourceGroups/zeushighcharity-rg/providers/Microsoft.Network/networkInterfaces/zeushighcharity-bstn-nic",
            "internal_dns_name_label": "",
            "internal_domain_name_suffix": "zbeknxdmkveu1fplyplqztzmwb.dx.internal.cloudapp.net",
            "ip_configuration": [
              {
                "name": "zeushighcharity-bstn-nic-cfg",
                "primary": true,
                "private_ip_address": "10.0.1.4",
                "private_ip_address_allocation": "Dynamic",
                "private_ip_address_version": "IPv4",
                "public_ip_address_id": "/subscriptions/9816cde7-29a7-44b2-8cd5-206a171942a6/resourceGroups/zeushighcharity-rg/providers/Microsoft.Network/publicIPAddresses/zeushighcharity-ip",
                "subnet_id": "/subscriptions/9816cde7-29a7-44b2-8cd5-206a171942a6/resourceGroups/zeushighcharity-rg/providers/Microsoft.Network/virtualNetworks/zeushighcharity-vnet/subnets/zeushighcharity-pblc-sn001"
              }
            ],
            "location": "westus",
            "mac_address": "",
            "name": "zeushighcharity-bstn-nic",
            "private_ip_address": "10.0.1.4",
            "private_ip_addresses": [
              "10.0.1.4"
            ],
            "resource_group_name": "zeushighcharity-rg",
            "tags": {
              "application": "HighCharity",
              "applicationversion": "1.0.0",
              "compliance": "HIPAA",
              "confidentiality": "PII/PHI",
              "environment": "Sandbox",
              "infrastructureversion": "1.0.0",
              "name": "HighCharity Infra",
              "operatingcostcenter": "0570025003",
              "owner": "fireteamosiris@somedomain.com",
              "projectcostcenter": "0570025003",
              "securitycontact": "fireteamosiris@somedomain.com",
              "tier": "Infrastructure"
            },
            "timeouts": null,
            "virtual_machine_id": ""
          },
          "private": "eyJlMmJmYjczMC1lY2FhLTExZTYtOGY4OC0zNDM2M2JjN2M0YzAiOnsiY3JlYXRlIjoxODAwMDAwMDAwMDAwLCJkZWxldGUiOjE4MDAwMDAwMDAwMDAsInJlYWQiOjMwMDAwMDAwMDAwMCwidXBkYXRlIjoxODAwMDAwMDAwMDAwfX0=",
          "dependencies": [
            "azurerm_public_ip.public_ip",
            "azurerm_resource_group.resource_group",
            "azurerm_subnet.public_subnet",
            "azurerm_virtual_network.vnet"
          ]
        }
      ]
    },
    {
      "mode": "managed",
      "type": "azurerm_network_interface",
      "name": "worker_nic",
      "provider": "provider[\"registry.terraform.io/hashicorp/azurerm\"]",
      "instances": [
        {
          "schema_version": 0,
          "attributes": {
            "applied_dns_servers": [],
            "dns_servers": [],
            "enable_accelerated_networking": false,
            "enable_ip_forwarding": false,
            "id": "/subscriptions/9816cde7-29a7-44b2-8cd5-206a171942a6/resourceGroups/zeushighcharity-rg/providers/Microsoft.Network/networkInterfaces/zeushighcharity-wrkr-nic",
            "internal_dns_name_label": "",
            "internal_domain_name_suffix": "zbeknxdmkveu1fplyplqztzmwb.dx.internal.cloudapp.net",
            "ip_configuration": [
              {
                "name": "zeushighcharity-wrkr-nic-cfg",
                "primary": true,
                "private_ip_address": "10.0.2.4",
                "private_ip_address_allocation": "Dynamic",
                "private_ip_address_version": "IPv4",
                "public_ip_address_id": "",
                "subnet_id": "/subscriptions/9816cde7-29a7-44b2-8cd5-206a171942a6/resourceGroups/zeushighcharity-rg/providers/Microsoft.Network/virtualNetworks/zeushighcharity-vnet/subnets/zeushighcharity-prvt-sn001"
              }
            ],
            "location": "westus",
            "mac_address": "",
            "name": "zeushighcharity-wrkr-nic",
            "private_ip_address": "10.0.2.4",
            "private_ip_addresses": [
              "10.0.2.4"
            ],
            "resource_group_name": "zeushighcharity-rg",
            "tags": {
              "application": "HighCharity",
              "applicationversion": "1.0.0",
              "compliance": "HIPAA",
              "confidentiality": "PII/PHI",
              "environment": "Sandbox",
              "infrastructureversion": "1.0.0",
              "name": "HighCharity Infra",
              "operatingcostcenter": "0570025003",
              "owner": "fireteamosiris@somedomain.com",
              "projectcostcenter": "0570025003",
              "securitycontact": "fireteamosiris@somedomain.com",
              "tier": "Infrastructure"
            },
            "timeouts": null,
            "virtual_machine_id": ""
          },
          "private": "eyJlMmJmYjczMC1lY2FhLTExZTYtOGY4OC0zNDM2M2JjN2M0YzAiOnsiY3JlYXRlIjoxODAwMDAwMDAwMDAwLCJkZWxldGUiOjE4MDAwMDAwMDAwMDAsInJlYWQiOjMwMDAwMDAwMDAwMCwidXBkYXRlIjoxODAwMDAwMDAwMDAwfX0=",
          "dependencies": [
            "azurerm_resource_group.resource_group",
            "azurerm_subnet.private_subnet",
            "azurerm_virtual_network.vnet"
          ]
        }
      ]
    },
    {
      "mode": "managed",
      "type": "azurerm_network_security_group",
      "name": "private_nsg",
      "provider": "provider[\"registry.terraform.io/hashicorp/azurerm\"]",
      "instances": [
        {
          "schema_version": 0,
          "attributes": {
            "id": "/subscriptions/9816cde7-29a7-44b2-8cd5-206a171942a6/resourceGroups/zeushighcharity-rg/providers/Microsoft.Network/networkSecurityGroups/zeushighcharity-prvt-nsg",
            "location": "westus",
            "name": "zeushighcharity-prvt-nsg",
            "resource_group_name": "zeushighcharity-rg",
            "security_rule": [
              {
                "access": "Allow",
                "description": "",
                "destination_address_prefix": "*",
                "destination_address_prefixes": [],
                "destination_application_security_group_ids": [],
                "destination_port_range": "22",
                "destination_port_ranges": [],
                "direction": "Inbound",
                "name": "allow-ssh-public-subnet",
                "priority": 100,
                "protocol": "Tcp",
                "source_address_prefix": "10.0.1.0/24",
                "source_address_prefixes": [],
                "source_application_security_group_ids": [],
                "source_port_range": "*",
                "source_port_ranges": []
              },
              {
                "access": "Deny",
                "description": "",
                "destination_address_prefix": "*",
                "destination_address_prefixes": [],
                "destination_application_security_group_ids": [],
                "destination_port_range": "*",
                "destination_port_ranges": [],
                "direction": "Outbound",
                "name": "deny-internet-all",
                "priority": 200,
                "protocol": "Tcp",
                "source_address_prefix": "*",
                "source_address_prefixes": [],
                "source_application_security_group_ids": [],
                "source_port_range": "*",
                "source_port_ranges": []
              }
            ],
            "tags": {
              "application": "HighCharity",
              "applicationversion": "1.0.0",
              "compliance": "HIPAA",
              "confidentiality": "PII/PHI",
              "environment": "Sandbox",
              "infrastructureversion": "1.0.0",
              "name": "HighCharity Infra",
              "operatingcostcenter": "0570025003",
              "owner": "fireteamosiris@somedomain.com",
              "projectcostcenter": "0570025003",
              "securitycontact": "fireteamosiris@somedomain.com",
              "tier": "Infrastructure"
            },
            "timeouts": null
          },
          "private": "eyJlMmJmYjczMC1lY2FhLTExZTYtOGY4OC0zNDM2M2JjN2M0YzAiOnsiY3JlYXRlIjoxODAwMDAwMDAwMDAwLCJkZWxldGUiOjE4MDAwMDAwMDAwMDAsInJlYWQiOjMwMDAwMDAwMDAwMCwidXBkYXRlIjoxODAwMDAwMDAwMDAwfX0=",
          "dependencies": [
            "azurerm_resource_group.resource_group"
          ]
        }
      ]
    },
    {
      "mode": "managed",
      "type": "azurerm_network_security_group",
      "name": "public_nsg",
      "provider": "provider[\"registry.terraform.io/hashicorp/azurerm\"]",
      "instances": [
        {
          "schema_version": 0,
          "attributes": {
            "id": "/subscriptions/9816cde7-29a7-44b2-8cd5-206a171942a6/resourceGroups/zeushighcharity-rg/providers/Microsoft.Network/networkSecurityGroups/zeushighcharity-pblc-nsg",
            "location": "westus",
            "name": "zeushighcharity-pblc-nsg",
            "resource_group_name": "zeushighcharity-rg",
            "security_rule": [
              {
                "access": "Allow",
                "description": "",
                "destination_address_prefix": "*",
                "destination_address_prefixes": [],
                "destination_application_security_group_ids": [],
                "destination_port_range": "22",
                "destination_port_ranges": [],
                "direction": "Inbound",
                "name": "allow-ssh-all",
                "priority": 100,
                "protocol": "Tcp",
                "source_address_prefix": "*",
                "source_address_prefixes": [],
                "source_application_security_group_ids": [],
                "source_port_range": "*",
                "source_port_ranges": []
              }
            ],
            "tags": {
              "application": "HighCharity",
              "applicationversion": "1.0.0",
              "compliance": "HIPAA",
              "confidentiality": "PII/PHI",
              "environment": "Sandbox",
              "infrastructureversion": "1.0.0",
              "name": "HighCharity Infra",
              "operatingcostcenter": "0570025003",
              "owner": "fireteamosiris@somedomain.com",
              "projectcostcenter": "0570025003",
              "securitycontact": "fireteamosiris@somedomain.com",
              "tier": "Infrastructure"
            },
            "timeouts": null
          },
          "private": "eyJlMmJmYjczMC1lY2FhLTExZTYtOGY4OC0zNDM2M2JjN2M0YzAiOnsiY3JlYXRlIjoxODAwMDAwMDAwMDAwLCJkZWxldGUiOjE4MDAwMDAwMDAwMDAsInJlYWQiOjMwMDAwMDAwMDAwMCwidXBkYXRlIjoxODAwMDAwMDAwMDAwfX0=",
          "dependencies": [
            "azurerm_resource_group.resource_group"
          ]
        }
      ]
    },
    {
      "mode": "managed",
      "type": "azurerm_public_ip",
      "name": "public_ip",
      "provider": "provider[\"registry.terraform.io/hashicorp/azurerm\"]",
      "instances": [
        {
          "schema_version": 0,
          "attributes": {
            "allocation_method": "Dynamic",
            "domain_name_label": null,
            "fqdn": null,
            "id": "/subscriptions/9816cde7-29a7-44b2-8cd5-206a171942a6/resourceGroups/zeushighcharity-rg/providers/Microsoft.Network/publicIPAddresses/zeushighcharity-ip",
            "idle_timeout_in_minutes": 4,
            "ip_address": "",
            "ip_version": "IPv4",
            "location": "westus",
            "name": "zeushighcharity-ip",
            "public_ip_prefix_id": null,
            "resource_group_name": "zeushighcharity-rg",
            "reverse_fqdn": null,
            "sku": "Basic",
            "tags": {
              "application": "HighCharity",
              "applicationversion": "1.0.0",
              "compliance": "HIPAA",
              "confidentiality": "PII/PHI",
              "environment": "Sandbox",
              "infrastructureversion": "1.0.0",
              "name": "HighCharity Infra",
              "operatingcostcenter": "0570025003",
              "owner": "fireteamosiris@somedomain.com",
              "projectcostcenter": "0570025003",
              "securitycontact": "fireteamosiris@somedomain.com",
              "tier": "Infrastructure"
            },
            "timeouts": null,
            "zones": null
          },
          "private": "eyJlMmJmYjczMC1lY2FhLTExZTYtOGY4OC0zNDM2M2JjN2M0YzAiOnsiY3JlYXRlIjoxODAwMDAwMDAwMDAwLCJkZWxldGUiOjE4MDAwMDAwMDAwMDAsInJlYWQiOjMwMDAwMDAwMDAwMCwidXBkYXRlIjoxODAwMDAwMDAwMDAwfX0=",
          "dependencies": [
            "azurerm_resource_group.resource_group"
          ]
        }
      ]
    },
    {
      "mode": "managed",
      "type": "azurerm_resource_group",
      "name": "resource_group",
      "provider": "provider[\"registry.terraform.io/hashicorp/azurerm\"]",
      "instances": [
        {
          "schema_version": 0,
          "attributes": {
            "id": "/subscriptions/9816cde7-29a7-44b2-8cd5-206a171942a6/resourceGroups/zeushighcharity-rg",
            "location": "westus",
            "name": "zeushighcharity-rg",
            "tags": {
              "application": "HighCharity",
              "applicationversion": "1.0.0",
              "compliance": "HIPAA",
              "confidentiality": "PII/PHI",
              "environment": "Sandbox",
              "infrastructureversion": "1.0.0",
              "name": "HighCharity Infra",
              "operatingcostcenter": "0570025003",
              "owner": "fireteamosiris@somedomain.com",
              "projectcostcenter": "0570025003",
              "securitycontact": "fireteamosiris@somedomain.com",
              "tier": "Infrastructure"
            },
            "timeouts": null
          },
          "private": "eyJlMmJmYjczMC1lY2FhLTExZTYtOGY4OC0zNDM2M2JjN2M0YzAiOnsiY3JlYXRlIjo1NDAwMDAwMDAwMDAwLCJkZWxldGUiOjU0MDAwMDAwMDAwMDAsInJlYWQiOjMwMDAwMDAwMDAwMCwidXBkYXRlIjo1NDAwMDAwMDAwMDAwfX0="
        }
      ]
    },
    {
      "mode": "managed",
      "type": "azurerm_storage_account",
      "name": "storage_account",
      "provider": "provider[\"registry.terraform.io/hashicorp/azurerm\"]",
      "instances": [
        {
          "schema_version": 2,
          "attributes": {
            "access_tier": "Hot",
            "account_kind": "StorageV2",
            "account_replication_type": "LRS",
            "account_tier": "Standard",
            "allow_blob_public_access": false,
            "blob_properties": [],
            "custom_domain": [],
            "enable_https_traffic_only": true,
            "id": "/subscriptions/9816cde7-29a7-44b2-8cd5-206a171942a6/resourceGroups/zeushighcharity-rg/providers/Microsoft.Storage/storageAccounts/diag401019ba86c45b9c",
            "identity": [],
            "is_hns_enabled": false,
            "large_file_share_enabled": null,
            "location": "westus",
            "min_tls_version": "TLS1_0",
            "name": "diag401019ba86c45b9c",
            "network_rules": [
              {
                "bypass": [
                  "AzureServices"
                ],
                "default_action": "Allow",
                "ip_rules": [],
                "virtual_network_subnet_ids": []
              }
            ],
            "primary_access_key": "ClGkzrDYhWC36PknhGLVkO2rwj9RN+K496ME4mfc5BzTLLSAV3dwE48LOGB8G96R3ww2CBVAiJAskncr2Pm27w==",
            "primary_blob_connection_string": "DefaultEndpointsProtocol=https;BlobEndpoint=https://diag401019ba86c45b9c.blob.core.windows.net/;AccountName=diag401019ba86c45b9c;AccountKey=ClGkzrDYhWC36PknhGLVkO2rwj9RN+K496ME4mfc5BzTLLSAV3dwE48LOGB8G96R3ww2CBVAiJAskncr2Pm27w==",
            "primary_blob_endpoint": "https://diag401019ba86c45b9c.blob.core.windows.net/",
            "primary_blob_host": "diag401019ba86c45b9c.blob.core.windows.net",
            "primary_connection_string": "DefaultEndpointsProtocol=https;AccountName=diag401019ba86c45b9c;AccountKey=ClGkzrDYhWC36PknhGLVkO2rwj9RN+K496ME4mfc5BzTLLSAV3dwE48LOGB8G96R3ww2CBVAiJAskncr2Pm27w==;EndpointSuffix=core.windows.net",
            "primary_dfs_endpoint": "https://diag401019ba86c45b9c.dfs.core.windows.net/",
            "primary_dfs_host": "diag401019ba86c45b9c.dfs.core.windows.net",
            "primary_file_endpoint": "https://diag401019ba86c45b9c.file.core.windows.net/",
            "primary_file_host": "diag401019ba86c45b9c.file.core.windows.net",
            "primary_location": "westus",
            "primary_queue_endpoint": "https://diag401019ba86c45b9c.queue.core.windows.net/",
            "primary_queue_host": "diag401019ba86c45b9c.queue.core.windows.net",
            "primary_table_endpoint": "https://diag401019ba86c45b9c.table.core.windows.net/",
            "primary_table_host": "diag401019ba86c45b9c.table.core.windows.net",
            "primary_web_endpoint": "https://diag401019ba86c45b9c.z22.web.core.windows.net/",
            "primary_web_host": "diag401019ba86c45b9c.z22.web.core.windows.net",
            "queue_properties": [
              {
                "cors_rule": [],
                "hour_metrics": [
                  {
                    "enabled": true,
                    "include_apis": true,
                    "retention_policy_days": 7,
                    "version": "1.0"
                  }
                ],
                "logging": [
                  {
                    "delete": false,
                    "read": false,
                    "retention_policy_days": 0,
                    "version": "1.0",
                    "write": false
                  }
                ],
                "minute_metrics": [
                  {
                    "enabled": false,
                    "include_apis": false,
                    "retention_policy_days": 0,
                    "version": "1.0"
                  }
                ]
              }
            ],
            "resource_group_name": "zeushighcharity-rg",
            "secondary_access_key": "X+YINxh83DKYIGEqjjHR/Zz+oQicq7Ohbpa5aP580uLcIUTVWR4M8AGNfRDUl8ivqkJ9qzxGoufWgYZX6Ok5uQ==",
            "secondary_blob_connection_string": "",
            "secondary_blob_endpoint": null,
            "secondary_blob_host": null,
            "secondary_connection_string": "DefaultEndpointsProtocol=https;AccountName=diag401019ba86c45b9c;AccountKey=X+YINxh83DKYIGEqjjHR/Zz+oQicq7Ohbpa5aP580uLcIUTVWR4M8AGNfRDUl8ivqkJ9qzxGoufWgYZX6Ok5uQ==;EndpointSuffix=core.windows.net",
            "secondary_dfs_endpoint": null,
            "secondary_dfs_host": null,
            "secondary_file_endpoint": null,
            "secondary_file_host": null,
            "secondary_location": "",
            "secondary_queue_endpoint": null,
            "secondary_queue_host": null,
            "secondary_table_endpoint": null,
            "secondary_table_host": null,
            "secondary_web_endpoint": null,
            "secondary_web_host": null,
            "static_website": [],
            "tags": {
              "application": "HighCharity",
              "applicationversion": "1.0.0",
              "compliance": "HIPAA",
              "confidentiality": "PII/PHI",
              "environment": "Sandbox",
              "infrastructureversion": "1.0.0",
              "name": "HighCharity Infra",
              "operatingcostcenter": "0570025003",
              "owner": "fireteamosiris@somedomain.com",
              "projectcostcenter": "0570025003",
              "securitycontact": "fireteamosiris@somedomain.com",
              "tier": "Infrastructure"
            },
            "timeouts": null
          },
          "private": "eyJlMmJmYjczMC1lY2FhLTExZTYtOGY4OC0zNDM2M2JjN2M0YzAiOnsiY3JlYXRlIjozNjAwMDAwMDAwMDAwLCJkZWxldGUiOjM2MDAwMDAwMDAwMDAsInJlYWQiOjMwMDAwMDAwMDAwMCwidXBkYXRlIjozNjAwMDAwMDAwMDAwfSwic2NoZW1hX3ZlcnNpb24iOiIyIn0=",
          "dependencies": [
            "azurerm_resource_group.resource_group",
            "random_id.random_id"
          ]
        }
      ]
    },
    {
      "mode": "managed",
      "type": "azurerm_subnet",
      "name": "private_subnet",
      "provider": "provider[\"registry.terraform.io/hashicorp/azurerm\"]",
      "instances": [
        {
          "schema_version": 0,
          "attributes": {
            "address_prefix": "10.0.2.0/24",
            "address_prefixes": [
              "10.0.2.0/24"
            ],
            "delegation": [],
            "enforce_private_link_endpoint_network_policies": false,
            "enforce_private_link_service_network_policies": false,
            "id": "/subscriptions/9816cde7-29a7-44b2-8cd5-206a171942a6/resourceGroups/zeushighcharity-rg/providers/Microsoft.Network/virtualNetworks/zeushighcharity-vnet/subnets/zeushighcharity-prvt-sn001",
            "name": "zeushighcharity-prvt-sn001",
            "resource_group_name": "zeushighcharity-rg",
            "service_endpoints": [
              "Microsoft.Sql",
              "Microsoft.ServiceBus"
            ],
            "timeouts": null,
            "virtual_network_name": "zeushighcharity-vnet"
          },
          "private": "eyJlMmJmYjczMC1lY2FhLTExZTYtOGY4OC0zNDM2M2JjN2M0YzAiOnsiY3JlYXRlIjoxODAwMDAwMDAwMDAwLCJkZWxldGUiOjE4MDAwMDAwMDAwMDAsInJlYWQiOjMwMDAwMDAwMDAwMCwidXBkYXRlIjoxODAwMDAwMDAwMDAwfX0=",
          "dependencies": [
            "azurerm_resource_group.resource_group",
            "azurerm_virtual_network.vnet"
          ]
        }
      ]
    },
    {
      "mode": "managed",
      "type": "azurerm_subnet",
      "name": "public_subnet",
      "provider": "provider[\"registry.terraform.io/hashicorp/azurerm\"]",
      "instances": [
        {
          "schema_version": 0,
          "attributes": {
            "address_prefix": "10.0.1.0/24",
            "address_prefixes": [
              "10.0.1.0/24"
            ],
            "delegation": [],
            "enforce_private_link_endpoint_network_policies": false,
            "enforce_private_link_service_network_policies": false,
            "id": "/subscriptions/9816cde7-29a7-44b2-8cd5-206a171942a6/resourceGroups/zeushighcharity-rg/providers/Microsoft.Network/virtualNetworks/zeushighcharity-vnet/subnets/zeushighcharity-pblc-sn001",
            "name": "zeushighcharity-pblc-sn001",
            "resource_group_name": "zeushighcharity-rg",
            "service_endpoints": [
              "Microsoft.ServiceBus",
              "Microsoft.ContainerRegistry"
            ],
            "timeouts": null,
            "virtual_network_name": "zeushighcharity-vnet"
          },
          "private": "eyJlMmJmYjczMC1lY2FhLTExZTYtOGY4OC0zNDM2M2JjN2M0YzAiOnsiY3JlYXRlIjoxODAwMDAwMDAwMDAwLCJkZWxldGUiOjE4MDAwMDAwMDAwMDAsInJlYWQiOjMwMDAwMDAwMDAwMCwidXBkYXRlIjoxODAwMDAwMDAwMDAwfX0=",
          "dependencies": [
            "azurerm_resource_group.resource_group",
            "azurerm_virtual_network.vnet"
          ]
        }
      ]
    },
    {
      "mode": "managed",
      "type": "azurerm_subnet_network_security_group_association",
      "name": "private_subnet_assoc",
      "provider": "provider[\"registry.terraform.io/hashicorp/azurerm\"]",
      "instances": [
        {
          "schema_version": 0,
          "attributes": {
            "id": "/subscriptions/9816cde7-29a7-44b2-8cd5-206a171942a6/resourceGroups/zeushighcharity-rg/providers/Microsoft.Network/virtualNetworks/zeushighcharity-vnet/subnets/zeushighcharity-prvt-sn001",
            "network_security_group_id": "/subscriptions/9816cde7-29a7-44b2-8cd5-206a171942a6/resourceGroups/zeushighcharity-rg/providers/Microsoft.Network/networkSecurityGroups/zeushighcharity-prvt-nsg",
            "subnet_id": "/subscriptions/9816cde7-29a7-44b2-8cd5-206a171942a6/resourceGroups/zeushighcharity-rg/providers/Microsoft.Network/virtualNetworks/zeushighcharity-vnet/subnets/zeushighcharity-prvt-sn001",
            "timeouts": null
          },
          "private": "eyJlMmJmYjczMC1lY2FhLTExZTYtOGY4OC0zNDM2M2JjN2M0YzAiOnsiY3JlYXRlIjoxODAwMDAwMDAwMDAwLCJkZWxldGUiOjE4MDAwMDAwMDAwMDAsInJlYWQiOjMwMDAwMDAwMDAwMCwidXBkYXRlIjoxODAwMDAwMDAwMDAwfX0=",
          "dependencies": [
            "azurerm_network_security_group.private_nsg",
            "azurerm_resource_group.resource_group",
            "azurerm_subnet.private_subnet",
            "azurerm_virtual_network.vnet"
          ]
        }
      ]
    },
    {
      "mode": "managed",
      "type": "azurerm_subnet_network_security_group_association",
      "name": "public_subnet_assoc",
      "provider": "provider[\"registry.terraform.io/hashicorp/azurerm\"]",
      "instances": [
        {
          "schema_version": 0,
          "attributes": {
            "id": "/subscriptions/9816cde7-29a7-44b2-8cd5-206a171942a6/resourceGroups/zeushighcharity-rg/providers/Microsoft.Network/virtualNetworks/zeushighcharity-vnet/subnets/zeushighcharity-pblc-sn001",
            "network_security_group_id": "/subscriptions/9816cde7-29a7-44b2-8cd5-206a171942a6/resourceGroups/zeushighcharity-rg/providers/Microsoft.Network/networkSecurityGroups/zeushighcharity-pblc-nsg",
            "subnet_id": "/subscriptions/9816cde7-29a7-44b2-8cd5-206a171942a6/resourceGroups/zeushighcharity-rg/providers/Microsoft.Network/virtualNetworks/zeushighcharity-vnet/subnets/zeushighcharity-pblc-sn001",
            "timeouts": null
          },
          "private": "eyJlMmJmYjczMC1lY2FhLTExZTYtOGY4OC0zNDM2M2JjN2M0YzAiOnsiY3JlYXRlIjoxODAwMDAwMDAwMDAwLCJkZWxldGUiOjE4MDAwMDAwMDAwMDAsInJlYWQiOjMwMDAwMDAwMDAwMCwidXBkYXRlIjoxODAwMDAwMDAwMDAwfX0=",
          "dependencies": [
            "azurerm_network_security_group.public_nsg",
            "azurerm_resource_group.resource_group",
            "azurerm_subnet.public_subnet",
            "azurerm_virtual_network.vnet"
          ]
        }
      ]
    },
    {
      "mode": "managed",
      "type": "azurerm_virtual_network",
      "name": "vnet",
      "provider": "provider[\"registry.terraform.io/hashicorp/azurerm\"]",
      "instances": [
        {
          "schema_version": 0,
          "attributes": {
            "address_space": [
              "10.0.0.0/16"
            ],
            "ddos_protection_plan": [],
            "dns_servers": null,
            "guid": "dca648c8-556c-4d49-95eb-c3d70ccf2cb1",
            "id": "/subscriptions/9816cde7-29a7-44b2-8cd5-206a171942a6/resourceGroups/zeushighcharity-rg/providers/Microsoft.Network/virtualNetworks/zeushighcharity-vnet",
            "location": "westus",
            "name": "zeushighcharity-vnet",
            "resource_group_name": "zeushighcharity-rg",
            "subnet": [],
            "tags": {
              "application": "HighCharity",
              "applicationversion": "1.0.0",
              "compliance": "HIPAA",
              "confidentiality": "PII/PHI",
              "environment": "Sandbox",
              "infrastructureversion": "1.0.0",
              "name": "HighCharity Infra",
              "operatingcostcenter": "0570025003",
              "owner": "fireteamosiris@somedomain.com",
              "projectcostcenter": "0570025003",
              "securitycontact": "fireteamosiris@somedomain.com",
              "tier": "Infrastructure"
            },
            "timeouts": null
          },
          "private": "eyJlMmJmYjczMC1lY2FhLTExZTYtOGY4OC0zNDM2M2JjN2M0YzAiOnsiY3JlYXRlIjoxODAwMDAwMDAwMDAwLCJkZWxldGUiOjE4MDAwMDAwMDAwMDAsInJlYWQiOjMwMDAwMDAwMDAwMCwidXBkYXRlIjoxODAwMDAwMDAwMDAwfX0=",
          "dependencies": [
            "azurerm_resource_group.resource_group"
          ]
        }
      ]
    },
    {
      "mode": "managed",
      "type": "random_id",
      "name": "random_id",
      "provider": "provider[\"registry.terraform.io/hashicorp/random\"]",
      "instances": [
        {
          "schema_version": 0,
          "attributes": {
            "b64_std": "QBAZuobEW5w=",
            "b64_url": "QBAZuobEW5w",
            "byte_length": 8,
            "dec": "4616217906970385308",
            "hex": "401019ba86c45b9c",
            "id": "QBAZuobEW5w",
            "keepers": {
              "resource_group": "zeushighcharity-rg"
            },
            "prefix": null
          },
          "private": "bnVsbA==",
          "dependencies": [
            "azurerm_resource_group.resource_group"
          ]
        }
      ]
    }
  ]
}
